
Microsoft Visual Studio Solution File, Format Version 12.00
# Visual Studio Version 17
VisualStudioVersion = 17.5.002.0
MinimumVisualStudioVersion = 10.0.40219.1
Project("{9A19103F-16F7-4668-BE54-9A1E7A4F7556}") = "final-test", "final-test.csproj", "{34F1117F-FF17-4333-B605-339E80C65131}"
EndProject
Global
	GlobalSection(SolutionConfigurationPlatforms) = preSolution
		Debug|Any CPU = Debug|Any CPU
		Release|Any CPU = Release|Any CPU
	EndGlobalSection
	GlobalSection(ProjectConfigurationPlatforms) = postSolution
		{34F1117F-FF17-4333-B605-339E80C65131}.Debug|Any CPU.ActiveCfg = Debug|Any CPU
		{34F1117F-FF17-4333-B605-339E80C65131}.Debug|Any CPU.Build.0 = Debug|Any CPU
		{34F1117F-FF17-4333-B605-339E80C65131}.Release|Any CPU.ActiveCfg = Release|Any CPU
		{34F1117F-FF17-4333-B605-339E80C65131}.Release|Any CPU.Build.0 = Release|Any CPU
	EndGlobalSection
	GlobalSection(SolutionProperties) = preSolution
		HideSolutionNode = FALSE
	EndGlobalSection
	GlobalSection(ExtensibilityGlobals) = postSolution
		SolutionGuid = {C19A87F3-F13D-4AEA-A9BE-BF856ECEEE4D}
	EndGlobalSection
EndGlobal
